PODS:
  - AKPickerView-Swift (1.0.1)
  - Realm (3.13.1):
    - Realm/Headers (= 3.13.1)
  - Realm/Headers (3.13.1)
  - RealmSwift (3.13.1):
    - Realm (= 3.13.1)

DEPENDENCIES:
  - AKPickerView-Swift
  - RealmSwift

SPEC REPOS:
  https://github.com/cocoapods/specs.git:
    - AKPickerView-Swift
    - Realm
    - RealmSwift

SPEC CHECKSUMS:
  AKPickerView-Swift: 8509d472bb257649383c276506334a7373d3cb33
  Realm: 50071da38fe079e0735e47c9f2eae738c68c5996
  RealmSwift: 8a1e6a02b7a08cd17a31e3115143fb69fe5f3fb9

PODFILE CHECKSUM: ae3ec3a8940471959973b8778ff1d04cd72338b1

COCOAPODS: 1.5.3
